<?xml version="1.0" encoding="utf-8"?>
<Project ToolsVersion="4.0" xmlns="http://schemas.microsoft.com/developer/msbuild/2003">
  <ItemGroup>
    <Filter Include="systems">
      <UniqueIdentifier>{8eaffd31-1dfc-45aa-989a-6d63d477abbe}</UniqueIdentifier>
    </Filter>
    <Filter Include="world">
      <UniqueIdentifier>{d39d0ae6-6e1c-498e-8eee-9cd243e61631}</UniqueIdentifier>
    </Filter>
    <Filter Include="components">
      <UniqueIdentifier>{1b7cbc1f-c90d-4f67-b681-72a3dba4d910}</UniqueIdentifier>
    </Filter>
    <Filter Include="entities">
      <UniqueIdentifier>{fe7c04bf-3a8b-4e2f-aa31-8243c8fd8232}</UniqueIdentifier>
    </Filter>
    <Filter Include="utils">
      <UniqueIdentifier>{0aed0199-085a-4e3c-91ac-1a08174f7e36}</UniqueIdentifier>
    </Filter>
    <Filter Include="precompiled">
      <UniqueIdentifier>{28b6613f-7ea4-4a3d-a856-ef4595d614af}</UniqueIdentifier>
    </Filter>
    <Filter Include="include">
      <UniqueIdentifier>{6a3dd4bf-2e6b-4e10-af17-4993a6e211d2}</UniqueIdentifier>
    </Filter>
    <Filter Include="messages">
      <UniqueIdentifier>{00711b2b-52b7-423f-8556-373eeb8fcc15}</UniqueIdentifier>
    </Filter>
  </ItemGroup>
  <ItemGroup>
    <ClCompile Include="src\world.cpp">
      <Filter>world</Filter>
    </ClCompile>
    <ClCompile Include="src\system.cpp">
      <Filter>systems</Filter>
    </ClCompile>
    <ClCompile Include="src\family.cpp">
      <Filter>entities</Filter>
    </ClCompile>
    <ClCompile Include="src\family_binding.cpp">
      <Filter>entities</Filter>
    </ClCompile>
    <ClCompile Include="src\entity.cpp">
      <Filter>entities</Filter>
    </ClCompile>
    <ClCompile Include="src\prec.cpp">
      <Filter>precompiled</Filter>
    </ClCompile>
    <ClCompile Include="src\family_mask.cpp">
      <Filter>entities</Filter>
    </ClCompile>
    <ClCompile Include="src\component.cpp">
      <Filter>components</Filter>
    </ClCompile>
    <ClCompile Include="src\message.cpp">
      <Filter>messages</Filter>
    </ClCompile>
  </ItemGroup>
  <ItemGroup>
    <ClInclude Include="src\world.h">
      <Filter>world</Filter>
    </ClInclude>
    <ClInclude Include="src\system.h">
      <Filter>systems</Filter>
    </ClInclude>
    <ClInclude Include="src\component.h">
      <Filter>components</Filter>
    </ClInclude>
    <ClInclude Include="src\family.h">
      <Filter>entities</Filter>
    </ClInclude>
    <ClInclude Include="src\family_binding.h">
      <Filter>entities</Filter>
    </ClInclude>
    <ClInclude Include="src\family_type.h">
      <Filter>entities</Filter>
    </ClInclude>
    <ClInclude Include="src\entity.h">
      <Filter>entities</Filter>
    </ClInclude>
    <ClInclude Include="src\type_deleter.h">
      <Filter>utils</Filter>
    </ClInclude>
    <ClInclude Include="src\entity_id.h">
      <Filter>entities</Filter>
    </ClInclude>
    <ClInclude Include="src\family_extractor.h">
      <Filter>entities</Filter>
    </ClInclude>
    <ClInclude Include="src\family_mask.h">
      <Filter>entities</Filter>
    </ClInclude>
    <ClInclude Include="include\halley_entity.h">
      <Filter>include</Filter>
    </ClInclude>
    <ClInclude Include="src\halley_entity_inc.h">
      <Filter>include</Filter>
    </ClInclude>
    <ClInclude Include="src\prec.h">
      <Filter>precompiled</Filter>
    </ClInclude>
    <ClInclude Include="src\message.h">
      <Filter>messages</Filter>
    </ClInclude>
  </ItemGroup>
</Project>