<?xml version="1.0" encoding="utf-8"?>
<Project ToolsVersion="4.0" xmlns="http://schemas.microsoft.com/developer/msbuild/2003">
  <ItemGroup>
    <Filter Include="external">
      <UniqueIdentifier>{aee45e7e-d07c-4a31-b01e-4c47a87481f1}</UniqueIdentifier>
    </Filter>
    <Filter Include="core">
      <UniqueIdentifier>{d4aaa936-2b58-4f0e-afcd-f9c58ff1b402}</UniqueIdentifier>
    </Filter>
    <Filter Include="include">
      <UniqueIdentifier>{457c0a45-d492-4f34-8e32-35aaf3e94590}</UniqueIdentifier>
    </Filter>
    <Filter Include="precompiled">
      <UniqueIdentifier>{ddec351c-7035-4e57-bf23-5a9433a4ea3e}</UniqueIdentifier>
    </Filter>
    <Filter Include="api">
      <UniqueIdentifier>{0c32fa53-6e54-4906-baf5-0b714387c351}</UniqueIdentifier>
    </Filter>
    <Filter Include="sdl">
      <UniqueIdentifier>{ce1f56b1-dbe8-4e60-b800-d0749254cd0e}</UniqueIdentifier>
    </Filter>
    <Filter Include="stage">
      <UniqueIdentifier>{1df7e3d3-5baf-4694-8561-f774ed373226}</UniqueIdentifier>
    </Filter>
    <Filter Include="graphics">
      <UniqueIdentifier>{ec28eb65-4ef6-4ca7-8b77-e7e66bc3aedd}</UniqueIdentifier>
    </Filter>
    <Filter Include="resources">
      <UniqueIdentifier>{55c95698-2a7c-4613-b585-5fee554b5bd6}</UniqueIdentifier>
    </Filter>
  </ItemGroup>
  <ItemGroup>
    <ClInclude Include="src\external\irunner.h">
      <Filter>external</Filter>
    </ClInclude>
    <ClInclude Include="include\halley_core.h">
      <Filter>include</Filter>
    </ClInclude>
    <ClInclude Include="src\core\core_runner.h">
      <Filter>core</Filter>
    </ClInclude>
    <ClInclude Include="src\halley_core_includes.h">
      <Filter>include</Filter>
    </ClInclude>
    <ClInclude Include="include\halley_main.h">
      <Filter>include</Filter>
    </ClInclude>
    <ClInclude Include="include\main_wrapper.h">
      <Filter>include</Filter>
    </ClInclude>
    <ClInclude Include="src\core\game.h">
      <Filter>core</Filter>
    </ClInclude>
    <ClInclude Include="src\core\environment.h">
      <Filter>core</Filter>
    </ClInclude>
    <ClInclude Include="src\prec.h">
      <Filter>precompiled</Filter>
    </ClInclude>
    <ClInclude Include="src\api\halley_api.h">
      <Filter>api</Filter>
    </ClInclude>
    <ClInclude Include="src\api\video_api.h">
      <Filter>api</Filter>
    </ClInclude>
    <ClInclude Include="src\api\input_api.h">
      <Filter>api</Filter>
    </ClInclude>
    <ClInclude Include="src\stage\stage.h">
      <Filter>stage</Filter>
    </ClInclude>
    <ClInclude Include="src\api\system_api.h">
      <Filter>api</Filter>
    </ClInclude>
    <ClInclude Include="src\api\core_api.h">
      <Filter>api</Filter>
    </ClInclude>
    <ClInclude Include="src\sdl\system_sdl.h">
      <Filter>sdl</Filter>
    </ClInclude>
    <ClInclude Include="src\api\halley_api_internal.h">
      <Filter>api</Filter>
    </ClInclude>
    <ClInclude Include="src\graphics\painter.h">
      <Filter>graphics</Filter>
    </ClInclude>
    <ClInclude Include="src\graphics\material.h">
      <Filter>graphics</Filter>
    </ClInclude>
    <ClInclude Include="src\graphics\shader.h">
      <Filter>graphics</Filter>
    </ClInclude>
    <ClInclude Include="src\graphics\texture.h">
      <Filter>graphics</Filter>
    </ClInclude>
    <ClInclude Include="src\graphics\texture_descriptor.h">
      <Filter>graphics</Filter>
    </ClInclude>
    <ClInclude Include="src\stage\stage_id.h">
      <Filter>stage</Filter>
    </ClInclude>
    <ClInclude Include="src\resources\resource_data.h">
      <Filter>resources</Filter>
    </ClInclude>
    <ClInclude Include="src\resources\resource_filesystem.h">
      <Filter>resources</Filter>
    </ClInclude>
    <ClInclude Include="src\resources\resource_locator.h">
      <Filter>resources</Filter>
    </ClInclude>
    <ClInclude Include="src\resources\resource_manager.h">
      <Filter>resources</Filter>
    </ClInclude>
    <ClInclude Include="src\resources\resource_pack.h">
      <Filter>resources</Filter>
    </ClInclude>
  </ItemGroup>
  <ItemGroup>
    <ClCompile Include="src\core\core_runner.cpp">
      <Filter>core</Filter>
    </ClCompile>
    <ClCompile Include="src\core\environment.cpp">
      <Filter>core</Filter>
    </ClCompile>
    <ClCompile Include="src\prec.cpp">
      <Filter>precompiled</Filter>
    </ClCompile>
    <ClCompile Include="src\api\halley_api.cpp">
      <Filter>api</Filter>
    </ClCompile>
    <ClCompile Include="src\sdl\input_sdl.cpp">
      <Filter>sdl</Filter>
    </ClCompile>
    <ClCompile Include="src\stage\stage.cpp">
      <Filter>stage</Filter>
    </ClCompile>
    <ClCompile Include="src\sdl\system_sdl.cpp">
      <Filter>sdl</Filter>
    </ClCompile>
    <ClCompile Include="src\resources\resource_data.cpp">
      <Filter>resources</Filter>
    </ClCompile>
    <ClCompile Include="src\resources\resource_filesystem.cpp">
      <Filter>resources</Filter>
    </ClCompile>
    <ClCompile Include="src\resources\resource_locator.cpp">
      <Filter>resources</Filter>
    </ClCompile>
    <ClCompile Include="src\resources\resource_pack.cpp">
      <Filter>resources</Filter>
    </ClCompile>
  </ItemGroup>
</Project>