<?xml version="1.0" encoding="utf-8"?>
<Project ToolsVersion="4.0" xmlns="http://schemas.microsoft.com/developer/msbuild/2003">
  <ItemGroup>
    <Filter Include="codegen">
      <UniqueIdentifier>{98e6ec1a-c9e1-4e1c-9b6b-019bd201746d}</UniqueIdentifier>
    </Filter>
    <Filter Include="tool">
      <UniqueIdentifier>{014fb14c-b972-426b-bf20-a72b2d35c694}</UniqueIdentifier>
    </Filter>
    <Filter Include="distance_field">
      <UniqueIdentifier>{71bb14a5-031b-447c-b44b-d04cb5d83bfd}</UniqueIdentifier>
    </Filter>
    <Filter Include="make_font">
      <UniqueIdentifier>{395a9e7b-6176-4526-81a2-811290bced05}</UniqueIdentifier>
    </Filter>
  </ItemGroup>
  <ItemGroup>
    <ClInclude Include="src\codegen\codegen_tool.h">
      <Filter>codegen</Filter>
    </ClInclude>
    <ClInclude Include="src\tool\cli_tool.h">
      <Filter>tool</Filter>
    </ClInclude>
    <ClInclude Include="src\codegen\codegen.h">
      <Filter>codegen</Filter>
    </ClInclude>
    <ClInclude Include="src\prec.h" />
    <ClInclude Include="src\codegen\component_schema.h">
      <Filter>codegen</Filter>
    </ClInclude>
    <ClInclude Include="src\codegen\system_schema.h">
      <Filter>codegen</Filter>
    </ClInclude>
    <ClInclude Include="src\codegen\icode_generator.h">
      <Filter>codegen</Filter>
    </ClInclude>
    <ClInclude Include="src\codegen\codegen_cpp.h">
      <Filter>codegen</Filter>
    </ClInclude>
    <ClInclude Include="src\distance_field\distance_field_tool.h">
      <Filter>distance_field</Filter>
    </ClInclude>
    <ClInclude Include="src\make_font\make_font_tool.h">
      <Filter>make_font</Filter>
    </ClInclude>
  </ItemGroup>
  <ItemGroup>
    <ClCompile Include="src\codegen\codegen_tool.cpp">
      <Filter>codegen</Filter>
    </ClCompile>
    <ClCompile Include="src\tool\cli_tool.cpp">
      <Filter>tool</Filter>
    </ClCompile>
    <ClCompile Include="src\codegen\codegen.cpp">
      <Filter>codegen</Filter>
    </ClCompile>
    <ClCompile Include="src\prec.cpp" />
    <ClCompile Include="src\codegen\system_schema.cpp">
      <Filter>codegen</Filter>
    </ClCompile>
    <ClCompile Include="src\codegen\component_schema.cpp">
      <Filter>codegen</Filter>
    </ClCompile>
    <ClCompile Include="src\codegen\codegen_cpp.cpp">
      <Filter>codegen</Filter>
    </ClCompile>
    <ClCompile Include="src\distance_field\distance_field_tool.cpp">
      <Filter>distance_field</Filter>
    </ClCompile>
    <ClCompile Include="src\make_font\make_font_tool.cpp">
      <Filter>make_font</Filter>
    </ClCompile>
  </ItemGroup>
</Project>