
Microsoft Visual Studio Solution File, Format Version 12.00
# Visual Studio 14
VisualStudioVersion = 14.0.23107.0
MinimumVisualStudioVersion = 10.0.40219.1
Project("{8BC9CEB8-8B4A-11D0-8D11-00A0C91BC942}") = "runner", "runner.vcxproj", "{6B095269-DBAF-4F58-872A-7D40942A10F0}"
	ProjectSection(ProjectDependencies) = postProject
		{95452B9E-5A75-4123-94EA-24F56F9338AD} = {95452B9E-5A75-4123-94EA-24F56F9338AD}
	EndProjectSection
EndProject
Project("{8BC9CEB8-8B4A-11D0-8D11-00A0C91BC942}") = "sample", "..\sample\sample.vcxproj", "{95452B9E-5A75-4123-94EA-24F56F9338AD}"
EndProject
Project("{8BC9CEB8-8B4A-11D0-8D11-00A0C91BC942}") = "utils", "..\utils\utils.vcxproj", "{D7ABF112-EA58-4B90-9CAA-872D6A311520}"
EndProject
Project("{8BC9CEB8-8B4A-11D0-8D11-00A0C91BC942}") = "core", "..\core\core.vcxproj", "{1DAB1A07-DB05-4CA6-984A-843043D1D93B}"
EndProject
Global
	GlobalSection(SolutionConfigurationPlatforms) = preSolution
		Debug|x64 = Debug|x64
		Debug|x86 = Debug|x86
		Release|x64 = Release|x64
		Release|x86 = Release|x86
	EndGlobalSection
	GlobalSection(ProjectConfigurationPlatforms) = postSolution
		{6B095269-DBAF-4F58-872A-7D40942A10F0}.Debug|x64.ActiveCfg = Debug|x64
		{6B095269-DBAF-4F58-872A-7D40942A10F0}.Debug|x64.Build.0 = Debug|x64
		{6B095269-DBAF-4F58-872A-7D40942A10F0}.Debug|x86.ActiveCfg = Debug|Win32
		{6B095269-DBAF-4F58-872A-7D40942A10F0}.Debug|x86.Build.0 = Debug|Win32
		{6B095269-DBAF-4F58-872A-7D40942A10F0}.Release|x64.ActiveCfg = Release|x64
		{6B095269-DBAF-4F58-872A-7D40942A10F0}.Release|x64.Build.0 = Release|x64
		{6B095269-DBAF-4F58-872A-7D40942A10F0}.Release|x86.ActiveCfg = Release|Win32
		{6B095269-DBAF-4F58-872A-7D40942A10F0}.Release|x86.Build.0 = Release|Win32
		{95452B9E-5A75-4123-94EA-24F56F9338AD}.Debug|x64.ActiveCfg = Debug|x64
		{95452B9E-5A75-4123-94EA-24F56F9338AD}.Debug|x64.Build.0 = Debug|x64
		{95452B9E-5A75-4123-94EA-24F56F9338AD}.Debug|x86.ActiveCfg = Debug|Win32
		{95452B9E-5A75-4123-94EA-24F56F9338AD}.Debug|x86.Build.0 = Debug|Win32
		{95452B9E-5A75-4123-94EA-24F56F9338AD}.Release|x64.ActiveCfg = Release|x64
		{95452B9E-5A75-4123-94EA-24F56F9338AD}.Release|x64.Build.0 = Release|x64
		{95452B9E-5A75-4123-94EA-24F56F9338AD}.Release|x86.ActiveCfg = Release|Win32
		{95452B9E-5A75-4123-94EA-24F56F9338AD}.Release|x86.Build.0 = Release|Win32
		{D7ABF112-EA58-4B90-9CAA-872D6A311520}.Debug|x64.ActiveCfg = Debug|x64
		{D7ABF112-EA58-4B90-9CAA-872D6A311520}.Debug|x64.Build.0 = Debug|x64
		{D7ABF112-EA58-4B90-9CAA-872D6A311520}.Debug|x86.ActiveCfg = Debug|Win32
		{D7ABF112-EA58-4B90-9CAA-872D6A311520}.Debug|x86.Build.0 = Debug|Win32
		{D7ABF112-EA58-4B90-9CAA-872D6A311520}.Release|x64.ActiveCfg = Release|x64
		{D7ABF112-EA58-4B90-9CAA-872D6A311520}.Release|x64.Build.0 = Release|x64
		{D7ABF112-EA58-4B90-9CAA-872D6A311520}.Release|x86.ActiveCfg = Release|Win32
		{D7ABF112-EA58-4B90-9CAA-872D6A311520}.Release|x86.Build.0 = Release|Win32
		{1DAB1A07-DB05-4CA6-984A-843043D1D93B}.Debug|x64.ActiveCfg = Debug|x64
		{1DAB1A07-DB05-4CA6-984A-843043D1D93B}.Debug|x64.Build.0 = Debug|x64
		{1DAB1A07-DB05-4CA6-984A-843043D1D93B}.Debug|x86.ActiveCfg = Debug|Win32
		{1DAB1A07-DB05-4CA6-984A-843043D1D93B}.Debug|x86.Build.0 = Debug|Win32
		{1DAB1A07-DB05-4CA6-984A-843043D1D93B}.Release|x64.ActiveCfg = Release|x64
		{1DAB1A07-DB05-4CA6-984A-843043D1D93B}.Release|x64.Build.0 = Release|x64
		{1DAB1A07-DB05-4CA6-984A-843043D1D93B}.Release|x86.ActiveCfg = Release|Win32
		{1DAB1A07-DB05-4CA6-984A-843043D1D93B}.Release|x86.Build.0 = Release|Win32
	EndGlobalSection
	GlobalSection(SolutionProperties) = preSolution
		HideSolutionNode = FALSE
	EndGlobalSection
EndGlobal
