<?xml version="1.0" encoding="utf-8"?>
<Project ToolsVersion="4.0" xmlns="http://schemas.microsoft.com/developer/msbuild/2003">
  <ItemGroup>
    <Filter Include="Utils">
      <UniqueIdentifier>{6207d558-5355-4046-b260-e9cee06261fd}</UniqueIdentifier>
    </Filter>
    <Filter Include="Main">
      <UniqueIdentifier>{d3d7c8d3-af77-43e7-a035-c626c025c04a}</UniqueIdentifier>
    </Filter>
    <Filter Include="Runner">
      <UniqueIdentifier>{46465aae-86bf-433f-9749-eb784f7879c8}</UniqueIdentifier>
    </Filter>
  </ItemGroup>
  <ItemGroup>
    <ClCompile Include="src\main.cpp">
      <Filter>Main</Filter>
    </ClCompile>
    <ClCompile Include="src\looper.cpp">
      <Filter>Runner</Filter>
    </ClCompile>
    <ClCompile Include="src\static_runner.cpp">
      <Filter>Runner</Filter>
    </ClCompile>
    <ClCompile Include="src\windows_dll_runner.cpp">
      <Filter>Runner</Filter>
    </ClCompile>
  </ItemGroup>
  <ItemGroup>
    <ClInclude Include="src\main.h">
      <Filter>Main</Filter>
    </ClInclude>
    <ClInclude Include="src\looper.h">
      <Filter>Runner</Filter>
    </ClInclude>
    <ClInclude Include="src\static_runner.h">
      <Filter>Runner</Filter>
    </ClInclude>
    <ClInclude Include="src\windows_dll_runner.h">
      <Filter>Runner</Filter>
    </ClInclude>
    <ClInclude Include="src\win.h">
      <Filter>Utils</Filter>
    </ClInclude>
  </ItemGroup>
</Project>